
Microsoft Visual Studio Solution File, Format Version 11.00
# Visual Studio 2010
Project("{FAE04EC0-301F-11D3-BF4B-00C04F79EFBC}") = "Assembly-CSharp", "Assembly-CSharp.csproj", "{8723a69c-b61b-f5d9-5b57-5dcf438b1ccf}"
EndProject
Project("{FAE04EC0-301F-11D3-BF4B-00C04F79EFBC}") = "Tests", "Tests.csproj", "{36ec32de-be9b-bd7d-d2bb-d97d8b49ba32}"
EndProject
Global
	GlobalSection(SolutionConfigurationPlatforms) = preSolution
		Debug|Any CPU = Debug|Any CPU
	EndGlobalSection
	GlobalSection(ProjectConfigurationPlatforms) = postSolution
		{8723a69c-b61b-f5d9-5b57-5dcf438b1ccf}.Debug|Any CPU.ActiveCfg = Debug|Any CPU
		{8723a69c-b61b-f5d9-5b57-5dcf438b1ccf}.Debug|Any CPU.Build.0 = Debug|Any CPU
		{36ec32de-be9b-bd7d-d2bb-d97d8b49ba32}.Debug|Any CPU.ActiveCfg = Debug|Any CPU
		{36ec32de-be9b-bd7d-d2bb-d97d8b49ba32}.Debug|Any CPU.Build.0 = Debug|Any CPU
	EndGlobalSection
	GlobalSection(SolutionProperties) = preSolution
		HideSolutionNode = FALSE
	EndGlobalSection
EndGlobal
